// !$*UTF8*$!
{
	archiveVersion = 1;
	classes = {
	};
	objectVersion = 46;
	objects = {

/* Begin PBXBuildFile section */
		933D805B1BDA177A001F623B /* AppDelegate.swift in Sources */ = {isa = PBXBuildFile; fileRef = 933D805A1BDA177A001F623B /* AppDelegate.swift */; };
		933D805D1BDA177A001F623B /* ViewController.swift in Sources */ = {isa = PBXBuildFile; fileRef = 933D805C1BDA177A001F623B /* ViewController.swift */; };
		933D80601BDA177A001F623B /* Main.storyboard in Resources */ = {isa = PBXBuildFile; fileRef = 933D805E1BDA177A001F623B /* Main.storyboard */; };
		933D80621BDA177A001F623B /* Assets.xcassets in Resources */ = {isa = PBXBuildFile; fileRef = 933D80611BDA177A001F623B /* Assets.xcassets */; };
		933D80651BDA177A001F623B /* LaunchScreen.storyboard in Resources */ = {isa = PBXBuildFile; fileRef = 933D80631BDA177A001F623B /* LaunchScreen.storyboard */; };
		933D80711BDA1F33001F623B /* PresentedViewController.swift in Sources */ = {isa = PBXBuildFile; fileRef = 933D80701BDA1F33001F623B /* PresentedViewController.swift */; };
/* End PBXBuildFile section */

/* Begin PBXFileReference section */
		933D80571BDA177A001F623B /* touchExample.app */ = {isa = PBXFileReference; explicitFileType = wrapper.application; includeInIndex = 0; path = touchExample.app; sourceTree = BUILT_PRODUCTS_DIR; };
		933D805A1BDA177A001F623B /* AppDelegate.swift */ = {isa = PBXFileReference; lastKnownFileType = sourcecode.swift; path = AppDelegate.swift; sourceTree = "<group>"; };
		933D805C1BDA177A001F623B /* ViewController.swift */ = {isa = PBXFileReference; lastKnownFileType = sourcecode.swift; path = ViewController.swift; sourceTree = "<group>"; };
		933D805F1BDA177A001F623B /* Base */ = {isa = PBXFileReference; lastKnownFileType = file.storyboard; name = Base; path = Base.lproj/Main.storyboard; sourceTree = "<group>"; };
		933D80611BDA177A001F623B /* Assets.xcassets */ = {isa = PBXFileReference; lastKnownFileType = folder.assetcatalog; path = Assets.xcassets; sourceTree = "<group>"; };
		933D80641BDA177A001F623B /* Base */ = {isa = PBXFileReference; lastKnownFileType = file.storyboard; name = Base; path = Base.lproj/LaunchScreen.storyboard; sourceTree = "<group>"; };
		933D80661BDA177A001F623B /* Info.plist */ = {isa = PBXFileReference; lastKnownFileType = text.plist.xml; path = Info.plist; sourceTree = "<group>"; };
		933D80701BDA1F33001F623B /* PresentedViewController.swift */ = {isa = PBXFileReference; fileEncoding = 4; lastKnownFileType = sourcecode.swift; path = PresentedViewController.swift; sourceTree = "<group>"; };
/* End PBXFileReference section */

/* Begin PBXFrameworksBuildPhase section */
		933D80541BDA177A001F623B /* Frameworks */ = {
			isa = PBXFrameworksBuildPhase;
			buildActionMask = 2147483647;
			files = (
			);
			runOnlyForDeploymentPostprocessing = 0;
		};
/* End PBXFrameworksBuildPhase section */

/* Begin PBXGroup section */
		933D804E1BDA177A001F623B = {
			isa = PBXGroup;
			children = (
				933D80591BDA177A001F623B /* touchExample */,
				933D80581BDA177A001F623B /* Products */,
			);
			sourceTree = "<group>";
		};
		933D80581BDA177A001F623B /* Products */ = {
			isa = PBXGroup;
			children = (
				933D80571BDA177A001F623B /* touchExample.app */,
			);
			name = Products;
			sourceTree = "<group>";
		};
		933D80591BDA177A001F623B /* touchExample */ = {
			isa = PBXGroup;
			children = (
				933D805A1BDA177A001F623B /* AppDelegate.swift */,
				933D805C1BDA177A001F623B /* ViewController.swift */,
				933D80701BDA1F33001F623B /* PresentedViewController.swift */,
				933D805E1BDA177A001F623B /* Main.storyboard */,
				933D80611BDA177A001F623B /* Assets.xcassets */,
				933D80631BDA177A001F623B /* LaunchScreen.storyboard */,
				933D80661BDA177A001F623B /* Info.plist */,
			);
			path = touchExample;
			sourceTree = "<group>";
		};
/* End PBXGroup section */

/* Begin PBXNativeTarget section */
		933D80561BDA177A001F623B /* touchExample */ = {
			isa = PBXNativeTarget;
			buildConfigurationList = 933D80691BDA177A001F623B /* Build configuration list for PBXNativeTarget "touchExample" */;
			buildPhases = (
				933D80531BDA177A001F623B /* Sources */,
				933D80541BDA177A001F623B /* Frameworks */,
				933D80551BDA177A001F623B /* Resources */,
			);
			buildRules = (
			);
			dependencies = (
			);
			name = touchExample;
			productName = touchExample;
			productReference = 933D80571BDA177A001F623B /* touchExample.app */;
			productType = "com.apple.product-type.application";
		};
/* End PBXNativeTarget section */

/* Begin PBXProject section */
		933D804F1BDA177A001F623B /* Project object */ = {
			isa = PBXProject;
			attributes = {
				LastSwiftUpdateCheck = 0710;
				LastUpgradeCheck = 0710;
				ORGANIZATIONNAME = y8k;
				TargetAttributes = {
					933D80561BDA177A001F623B = {
						CreatedOnToolsVersion = 7.1;
					};
				};
			};
			buildConfigurationList = 933D80521BDA177A001F623B /* Build configuration list for PBXProject "touchExample" */;
			compatibilityVersion = "Xcode 3.2";
			developmentRegion = English;
			hasScannedForEncodings = 0;
			knownRegions = (
				en,
				Base,
			);
			mainGroup = 933D804E1BDA177A001F623B;
			productRefGroup = 933D80581BDA177A001F623B /* Products */;
			projectDirPath = "";
			projectRoot = "";
			targets = (
				933D80561BDA177A001F623B /* touchExample */,
			);
		};
/* End PBXProject section */

/* Begin PBXResourcesBuildPhase section */
		933D80551BDA177A001F623B /* Resources */ = {
			isa = PBXResourcesBuildPhase;
			buildActionMask = 2147483647;
			files = (
				933D80651BDA177A001F623B /* LaunchScreen.storyboard in Resources */,
				933D80621BDA177A001F623B /* Assets.xcassets in Resources */,
				933D80601BDA177A001F623B /* Main.storyboard in Resources */,
			);
			runOnlyForDeploymentPostprocessing = 0;
		};
/* End PBXResourcesBuildPhase section */

/* Begin PBXSourcesBuildPhase section */
		933D80531BDA177A001F623B /* Sources */ = {
			isa = PBXSourcesBuildPhase;
			buildActionMask = 2147483647;
			files = (
				933D805D1BDA177A001F623B /* ViewController.swift in Sources */,
				933D80711BDA1F33001F623B /* PresentedViewController.swift in Sources */,
				933D805B1BDA177A001F623B /* AppDelegate.swift in Sources */,
			);
			runOnlyForDeploymentPostprocessing = 0;
		};
/* End PBXSourcesBuildPhase section */

/* Begin PBXVariantGroup section */
		933D805E1BDA177A001F623B /* Main.storyboard */ = {
			isa = PBXVariantGroup;
			children = (
				933D805F1BDA177A001F623B /* Base */,
			);
			name = Main.storyboard;
			sourceTree = "<group>";
		};
		933D80631BDA177A001F623B /* LaunchScreen.storyboard */ = {
			isa = PBXVariantGroup;
			children = (
				933D80641BDA177A001F623B /* Base */,
			);
			name = LaunchScreen.storyboard;
			sourceTree = "<group>";
		};
/* End PBXVariantGroup section */

/* Begin XCBuildConfiguration section */
		933D80671BDA177A001F623B /* Debug */ = {
			isa = XCBuildConfiguration;
			buildSettings = {
				ALWAYS_SEARCH_USER_PATHS = NO;
				CLANG_CXX_LANGUAGE_STANDARD = "gnu++0x";
				CLANG_CXX_LIBRARY = "libc++";
				CLANG_ENABLE_MODULES = YES;
				CLANG_ENABLE_OBJC_ARC = YES;
				CLANG_WARN_BOOL_CONVERSION = YES;
				CLANG_WARN_CONSTANT_CONVERSION = YES;
				CLANG_WARN_DIRECT_OBJC_ISA_USAGE = YES_ERROR;
				CLANG_WARN_EMPTY_BODY = YES;
				CLANG_WARN_ENUM_CONVERSION = YES;
				CLANG_WARN_INT_CONVERSION = YES;
				CLANG_WARN_OBJC_ROOT_CLASS = YES_ERROR;
				CLANG_WARN_UNREACHABLE_CODE = YES;
				CLANG_WARN__DUPLICATE_METHOD_MATCH = YES;
				"CODE_SIGN_IDENTITY[sdk=iphoneos*]" = "iPhone Developer";
				COPY_PHASE_STRIP = NO;
				DEBUG_INFORMATION_FORMAT = dwarf;
				ENABLE_STRICT_OBJC_MSGSEND = YES;
				ENABLE_TESTABILITY = YES;
				GCC_C_LANGUAGE_STANDARD = gnu99;
				GCC_DYNAMIC_NO_PIC = NO;
				GCC_NO_COMMON_BLOCKS = YES;
				GCC_OPTIMIZATION_LEVEL = 0;
				GCC_PREPROCESSOR_DEFINITIONS = (
					"DEBUG=1",
					"$(inherited)",
				);
				GCC_WARN_64_TO_32_BIT_CONVERSION = YES;
				GCC_WARN_ABOUT_RETURN_TYPE = YES_ERROR;
				GCC_WARN_UNDECLARED_SELECTOR = YES;
				GCC_WARN_UNINITIALIZED_AUTOS = YES_AGGRESSIVE;
				GCC_WARN_UNUSED_FUNCTION = YES;
				GCC_WARN_UNUSED_VARIABLE = YES;
				IPHONEOS_DEPLOYMENT_TARGET = 9.1;
				MTL_ENABLE_DEBUG_INFO = YES;
				ONLY_ACTIVE_ARCH = YES;
				SDKROOT = iphoneos;
				SWIFT_OPTIMIZATION_LEVEL = "-Onone";
			};
			name = Debug;
		};
		933D80681BDA177A001F623B /* Release */ = {
			isa = XCBuildConfiguration;
			buildSettings = {
				ALWAYS_SEARCH_USER_PATHS = NO;
				CLANG_CXX_LANGUAGE_STANDARD = "gnu++0x";
				CLANG_CXX_LIBRARY = "libc++";
				CLANG_ENABLE_MODULES = YES;
				CLANG_ENABLE_OBJC_ARC = YES;
				CLANG_WARN_BOOL_CONVERSION = YES;
				CLANG_WARN_CONSTANT_CONVERSION = YES;
				CLANG_WARN_DIRECT_OBJC_ISA_USAGE = YES_ERROR;
				CLANG_WARN_EMPTY_BODY = YES;
				CLANG_WARN_ENUM_CONVERSION = YES;
				CLANG_WARN_INT_CONVERSION = YES;
				CLANG_WARN_OBJC_ROOT_CLASS = YES_ERROR;
				CLANG_WARN_UNREACHABLE_CODE = YES;
				CLANG_WARN__DUPLICATE_METHOD_MATCH = YES;
				"CODE_SIGN_IDENTITY[sdk=iphoneos*]" = "iPhone Developer";
				COPY_PHASE_STRIP = NO;
				DEBUG_INFORMATION_FORMAT = "dwarf-with-dsym";
				ENABLE_NS_ASSERTIONS = NO;
				ENABLE_STRICT_OBJC_MSGSEND = YES;
				GCC_C_LANGUAGE_STANDARD = gnu99;
				GCC_NO_COMMON_BLOCKS = YES;
				GCC_WARN_64_TO_32_BIT_CONVERSION = YES;
				GCC_WARN_ABOUT_RETURN_TYPE = YES_ERROR;
				GCC_WARN_UNDECLARED_SELECTOR = YES;
				GCC_WARN_UNINITIALIZED_AUTOS = YES_AGGRESSIVE;
				GCC_WARN_UNUSED_FUNCTION = YES;
				GCC_WARN_UNUSED_VARIABLE = YES;
				IPHONEOS_DEPLOYMENT_TARGET = 9.1;
				MTL_ENABLE_DEBUG_INFO = NO;
				SDKROOT = iphoneos;
				VALIDATE_PRODUCT = YES;
			};
			name = Release;
		};
		933D806A1BDA177A001F623B /* Debug */ = {
			isa = XCBuildConfiguration;
			buildSettings = {
				ASSETCATALOG_COMPILER_APPICON_NAME = AppIcon;
				INFOPLIST_FILE = touchExample/Info.plist;
				LD_RUNPATH_SEARCH_PATHS = "$(inherited) @executable_path/Frameworks";
				PRODUCT_BUNDLE_IDENTIFIER = com.y8k.touchExample;
				PRODUCT_NAME = "$(TARGET_NAME)";
			};
			name = Debug;
		};
		933D806B1BDA177A001F623B /* Release */ = {
			isa = XCBuildConfiguration;
			buildSettings = {
				ASSETCATALOG_COMPILER_APPICON_NAME = AppIcon;
				INFOPLIST_FILE = touchExample/Info.plist;
				LD_RUNPATH_SEARCH_PATHS = "$(inherited) @executable_path/Frameworks";
				PRODUCT_BUNDLE_IDENTIFIER = com.y8k.touchExample;
				PRODUCT_NAME = "$(TARGET_NAME)";
			};
			name = Release;
		};
/* End XCBuildConfiguration section */

/* Begin XCConfigurationList section */
		933D80521BDA177A001F623B /* Build configuration list for PBXProject "touchExample" */ = {
			isa = XCConfigurationList;
			buildConfigurations = (
				933D80671BDA177A001F623B /* Debug */,
				933D80681BDA177A001F623B /* Release */,
			);
			defaultConfigurationIsVisible = 0;
			defaultConfigurationName = Release;
		};
		933D80691BDA177A001F623B /* Build configuration list for PBXNativeTarget "touchExample" */ = {
			isa = XCConfigurationList;
			buildConfigurations = (
				933D806A1BDA177A001F623B /* Debug */,
				933D806B1BDA177A001F623B /* Release */,
			);
			defaultConfigurationIsVisible = 0;
			defaultConfigurationName = Release;
		};
/* End XCConfigurationList section */
	};
	rootObject = 933D804F1BDA177A001F623B /* Project object */;
}
